
Microsoft Visual Studio Solution File, Format Version 12.00
# Visual Studio Version 17
VisualStudioVersion = 17.5.002.0
MinimumVisualStudioVersion = 10.0.40219.1
Project("{9A19103F-16F7-4668-BE54-9A1E7A4F7556}") = "Cafeteria", "Cafeteria\Cafeteria.csproj", "{87DC40FE-0F0D-442A-BA87-EBC64A041219}"
EndProject
Global
	GlobalSection(SolutionConfigurationPlatforms) = preSolution
		Debug|Any CPU = Debug|Any CPU
		Release|Any CPU = Release|Any CPU
	EndGlobalSection
	GlobalSection(ProjectConfigurationPlatforms) = postSolution
		{87DC40FE-0F0D-442A-BA87-EBC64A041219}.Debug|Any CPU.ActiveCfg = Debug|Any CPU
		{87DC40FE-0F0D-442A-BA87-EBC64A041219}.Debug|Any CPU.Build.0 = Debug|Any CPU
		{87DC40FE-0F0D-442A-BA87-EBC64A041219}.Release|Any CPU.ActiveCfg = Release|Any CPU
		{87DC40FE-0F0D-442A-BA87-EBC64A041219}.Release|Any CPU.Build.0 = Release|Any CPU
	EndGlobalSection
	GlobalSection(SolutionProperties) = preSolution
		HideSolutionNode = FALSE
	EndGlobalSection
	GlobalSection(ExtensibilityGlobals) = postSolution
		SolutionGuid = {AA99F999-7A65-4675-B63C-B5B9AE101A58}
	EndGlobalSection
EndGlobal
